// !$*UTF8*$!
{
	archiveVersion = 1;
	classes = {
	};
	objectVersion = 46;
	objects = {

/* Begin PBXBuildFile section */
		7AAEAA281EF2A03B004E7EF9 /* main.m in Sources */ = {isa = PBXBuildFile; fileRef = 7AAEAA271EF2A03B004E7EF9 /* main.m */; };
		7AAEAA331EF2A03B004E7EF9 /* Assets.xcassets in Resources */ = {isa = PBXBuildFile; fileRef = 7AAEAA321EF2A03B004E7EF9 /* Assets.xcassets */; };
		7AAEAA361EF2A03B004E7EF9 /* LaunchScreen.storyboard in Resources */ = {isa = PBXBuildFile; fileRef = 7AAEAA341EF2A03B004E7EF9 /* LaunchScreen.storyboard */; };
		7AAEAA3F1EF3C45D004E7EF9 /* ConstraintUtilities-Install.m in Sources */ = {isa = PBXBuildFile; fileRef = 7AAEAA3E1EF3C45D004E7EF9 /* ConstraintUtilities-Install.m */; };
/* End PBXBuildFile section */

/* Begin PBXFileReference section */
		7AAEAA231EF2A03B004E7EF9 /* 01 - Constraining to Superview.app */ = {isa = PBXFileReference; explicitFileType = wrapper.application; includeInIndex = 0; path = "01 - Constraining to Superview.app"; sourceTree = BUILT_PRODUCTS_DIR; };
		7AAEAA271EF2A03B004E7EF9 /* main.m */ = {isa = PBXFileReference; lastKnownFileType = sourcecode.c.objc; path = main.m; sourceTree = "<group>"; };
		7AAEAA321EF2A03B004E7EF9 /* Assets.xcassets */ = {isa = PBXFileReference; lastKnownFileType = folder.assetcatalog; path = Assets.xcassets; sourceTree = "<group>"; };
		7AAEAA351EF2A03B004E7EF9 /* Base */ = {isa = PBXFileReference; lastKnownFileType = file.storyboard; name = Base; path = Base.lproj/LaunchScreen.storyboard; sourceTree = "<group>"; };
		7AAEAA371EF2A03B004E7EF9 /* Info.plist */ = {isa = PBXFileReference; lastKnownFileType = text.plist.xml; path = Info.plist; sourceTree = "<group>"; };
		7AAEAA3D1EF3C45D004E7EF9 /* ConstraintUtilities-Install.h */ = {isa = PBXFileReference; fileEncoding = 4; lastKnownFileType = sourcecode.c.h; path = "ConstraintUtilities-Install.h"; sourceTree = "<group>"; };
		7AAEAA3E1EF3C45D004E7EF9 /* ConstraintUtilities-Install.m */ = {isa = PBXFileReference; fileEncoding = 4; lastKnownFileType = sourcecode.c.objc; path = "ConstraintUtilities-Install.m"; sourceTree = "<group>"; };
/* End PBXFileReference section */

/* Begin PBXFrameworksBuildPhase section */
		7AAEAA201EF2A03B004E7EF9 /* Frameworks */ = {
			isa = PBXFrameworksBuildPhase;
			buildActionMask = 2147483647;
			files = (
			);
			runOnlyForDeploymentPostprocessing = 0;
		};
/* End PBXFrameworksBuildPhase section */

/* Begin PBXGroup section */
		7AAEAA1A1EF2A03B004E7EF9 = {
			isa = PBXGroup;
			children = (
				7AAEAA251EF2A03B004E7EF9 /* 01 - Constraining to Superview */,
				7AAEAA241EF2A03B004E7EF9 /* Products */,
			);
			sourceTree = "<group>";
		};
		7AAEAA241EF2A03B004E7EF9 /* Products */ = {
			isa = PBXGroup;
			children = (
				7AAEAA231EF2A03B004E7EF9 /* 01 - Constraining to Superview.app */,
			);
			name = Products;
			sourceTree = "<group>";
		};
		7AAEAA251EF2A03B004E7EF9 /* 01 - Constraining to Superview */ = {
			isa = PBXGroup;
			children = (
				7AAEAA321EF2A03B004E7EF9 /* Assets.xcassets */,
				7AAEAA341EF2A03B004E7EF9 /* LaunchScreen.storyboard */,
				7AAEAA371EF2A03B004E7EF9 /* Info.plist */,
				7AAEAA271EF2A03B004E7EF9 /* main.m */,
				7AAEAA3D1EF3C45D004E7EF9 /* ConstraintUtilities-Install.h */,
				7AAEAA3E1EF3C45D004E7EF9 /* ConstraintUtilities-Install.m */,
				7AAEAA261EF2A03B004E7EF9 /* Supporting Files */,
			);
			path = "01 - Constraining to Superview";
			sourceTree = "<group>";
		};
		7AAEAA261EF2A03B004E7EF9 /* Supporting Files */ = {
			isa = PBXGroup;
			children = (
			);
			name = "Supporting Files";
			sourceTree = "<group>";
		};
/* End PBXGroup section */

/* Begin PBXNativeTarget section */
		7AAEAA221EF2A03B004E7EF9 /* 01 - Constraining to Superview */ = {
			isa = PBXNativeTarget;
			buildConfigurationList = 7AAEAA3A1EF2A03B004E7EF9 /* Build configuration list for PBXNativeTarget "01 - Constraining to Superview" */;
			buildPhases = (
				7AAEAA1F1EF2A03B004E7EF9 /* Sources */,
				7AAEAA201EF2A03B004E7EF9 /* Frameworks */,
				7AAEAA211EF2A03B004E7EF9 /* Resources */,
			);
			buildRules = (
			);
			dependencies = (
			);
			name = "01 - Constraining to Superview";
			productName = "01 - Constraining to Superview";
			productReference = 7AAEAA231EF2A03B004E7EF9 /* 01 - Constraining to Superview.app */;
			productType = "com.apple.product-type.application";
		};
/* End PBXNativeTarget section */

/* Begin PBXProject section */
		7AAEAA1B1EF2A03B004E7EF9 /* Project object */ = {
			isa = PBXProject;
			attributes = {
				LastUpgradeCheck = 0830;
				ORGANIZATIONNAME = "杭州部落公社科技有限公司";
				TargetAttributes = {
					7AAEAA221EF2A03B004E7EF9 = {
						CreatedOnToolsVersion = 8.3.3;
						DevelopmentTeam = 452XNHBVYZ;
						ProvisioningStyle = Automatic;
					};
				};
			};
			buildConfigurationList = 7AAEAA1E1EF2A03B004E7EF9 /* Build configuration list for PBXProject "01 - Constraining to Superview" */;
			compatibilityVersion = "Xcode 3.2";
			developmentRegion = English;
			hasScannedForEncodings = 0;
			knownRegions = (
				en,
				Base,
			);
			mainGroup = 7AAEAA1A1EF2A03B004E7EF9;
			productRefGroup = 7AAEAA241EF2A03B004E7EF9 /* Products */;
			projectDirPath = "";
			projectRoot = "";
			targets = (
				7AAEAA221EF2A03B004E7EF9 /* 01 - Constraining to Superview */,
			);
		};
/* End PBXProject section */

/* Begin PBXResourcesBuildPhase section */
		7AAEAA211EF2A03B004E7EF9 /* Resources */ = {
			isa = PBXResourcesBuildPhase;
			buildActionMask = 2147483647;
			files = (
				7AAEAA361EF2A03B004E7EF9 /* LaunchScreen.storyboard in Resources */,
				7AAEAA331EF2A03B004E7EF9 /* Assets.xcassets in Resources */,
			);
			runOnlyForDeploymentPostprocessing = 0;
		};
/* End PBXResourcesBuildPhase section */

/* Begin PBXSourcesBuildPhase section */
		7AAEAA1F1EF2A03B004E7EF9 /* Sources */ = {
			isa = PBXSourcesBuildPhase;
			buildActionMask = 2147483647;
			files = (
				7AAEAA281EF2A03B004E7EF9 /* main.m in Sources */,
				7AAEAA3F1EF3C45D004E7EF9 /* ConstraintUtilities-Install.m in Sources */,
			);
			runOnlyForDeploymentPostprocessing = 0;
		};
/* End PBXSourcesBuildPhase section */

/* Begin PBXVariantGroup section */
		7AAEAA341EF2A03B004E7EF9 /* LaunchScreen.storyboard */ = {
			isa = PBXVariantGroup;
			children = (
				7AAEAA351EF2A03B004E7EF9 /* Base */,
			);
			name = LaunchScreen.storyboard;
			sourceTree = "<group>";
		};
/* End PBXVariantGroup section */

/* Begin XCBuildConfiguration section */
		7AAEAA381EF2A03B004E7EF9 /* Debug */ = {
			isa = XCBuildConfiguration;
			buildSettings = {
				ALWAYS_SEARCH_USER_PATHS = NO;
				CLANG_ANALYZER_NONNULL = YES;
				CLANG_ANALYZER_NUMBER_OBJECT_CONVERSION = YES_AGGRESSIVE;
				CLANG_CXX_LANGUAGE_STANDARD = "gnu++0x";
				CLANG_CXX_LIBRARY = "libc++";
				CLANG_ENABLE_MODULES = YES;
				CLANG_ENABLE_OBJC_ARC = YES;
				CLANG_WARN_BOOL_CONVERSION = YES;
				CLANG_WARN_CONSTANT_CONVERSION = YES;
				CLANG_WARN_DIRECT_OBJC_ISA_USAGE = YES_ERROR;
				CLANG_WARN_DOCUMENTATION_COMMENTS = YES;
				CLANG_WARN_EMPTY_BODY = YES;
				CLANG_WARN_ENUM_CONVERSION = YES;
				CLANG_WARN_INFINITE_RECURSION = YES;
				CLANG_WARN_INT_CONVERSION = YES;
				CLANG_WARN_OBJC_ROOT_CLASS = YES_ERROR;
				CLANG_WARN_SUSPICIOUS_MOVE = YES;
				CLANG_WARN_UNREACHABLE_CODE = YES;
				CLANG_WARN__DUPLICATE_METHOD_MATCH = YES;
				"CODE_SIGN_IDENTITY[sdk=iphoneos*]" = "iPhone Developer";
				COPY_PHASE_STRIP = NO;
				DEBUG_INFORMATION_FORMAT = dwarf;
				ENABLE_STRICT_OBJC_MSGSEND = YES;
				ENABLE_TESTABILITY = YES;
				GCC_C_LANGUAGE_STANDARD = gnu99;
				GCC_DYNAMIC_NO_PIC = NO;
				GCC_NO_COMMON_BLOCKS = YES;
				GCC_OPTIMIZATION_LEVEL = 0;
				GCC_PREPROCESSOR_DEFINITIONS = (
					"DEBUG=1",
					"$(inherited)",
				);
				GCC_WARN_64_TO_32_BIT_CONVERSION = YES;
				GCC_WARN_ABOUT_RETURN_TYPE = YES_ERROR;
				GCC_WARN_UNDECLARED_SELECTOR = YES;
				GCC_WARN_UNINITIALIZED_AUTOS = YES_AGGRESSIVE;
				GCC_WARN_UNUSED_FUNCTION = YES;
				GCC_WARN_UNUSED_VARIABLE = YES;
				IPHONEOS_DEPLOYMENT_TARGET = 10.3;
				MTL_ENABLE_DEBUG_INFO = YES;
				ONLY_ACTIVE_ARCH = YES;
				SDKROOT = iphoneos;
			};
			name = Debug;
		};
		7AAEAA391EF2A03B004E7EF9 /* Release */ = {
			isa = XCBuildConfiguration;
			buildSettings = {
				ALWAYS_SEARCH_USER_PATHS = NO;
				CLANG_ANALYZER_NONNULL = YES;
				CLANG_ANALYZER_NUMBER_OBJECT_CONVERSION = YES_AGGRESSIVE;
				CLANG_CXX_LANGUAGE_STANDARD = "gnu++0x";
				CLANG_CXX_LIBRARY = "libc++";
				CLANG_ENABLE_MODULES = YES;
				CLANG_ENABLE_OBJC_ARC = YES;
				CLANG_WARN_BOOL_CONVERSION = YES;
				CLANG_WARN_CONSTANT_CONVERSION = YES;
				CLANG_WARN_DIRECT_OBJC_ISA_USAGE = YES_ERROR;
				CLANG_WARN_DOCUMENTATION_COMMENTS = YES;
				CLANG_WARN_EMPTY_BODY = YES;
				CLANG_WARN_ENUM_CONVERSION = YES;
				CLANG_WARN_INFINITE_RECURSION = YES;
				CLANG_WARN_INT_CONVERSION = YES;
				CLANG_WARN_OBJC_ROOT_CLASS = YES_ERROR;
				CLANG_WARN_SUSPICIOUS_MOVE = YES;
				CLANG_WARN_UNREACHABLE_CODE = YES;
				CLANG_WARN__DUPLICATE_METHOD_MATCH = YES;
				"CODE_SIGN_IDENTITY[sdk=iphoneos*]" = "iPhone Developer";
				COPY_PHASE_STRIP = NO;
				DEBUG_INFORMATION_FORMAT = "dwarf-with-dsym";
				ENABLE_NS_ASSERTIONS = NO;
				ENABLE_STRICT_OBJC_MSGSEND = YES;
				GCC_C_LANGUAGE_STANDARD = gnu99;
				GCC_NO_COMMON_BLOCKS = YES;
				GCC_WARN_64_TO_32_BIT_CONVERSION = YES;
				GCC_WARN_ABOUT_RETURN_TYPE = YES_ERROR;
				GCC_WARN_UNDECLARED_SELECTOR = YES;
				GCC_WARN_UNINITIALIZED_AUTOS = YES_AGGRESSIVE;
				GCC_WARN_UNUSED_FUNCTION = YES;
				GCC_WARN_UNUSED_VARIABLE = YES;
				IPHONEOS_DEPLOYMENT_TARGET = 10.3;
				MTL_ENABLE_DEBUG_INFO = NO;
				SDKROOT = iphoneos;
				VALIDATE_PRODUCT = YES;
			};
			name = Release;
		};
		7AAEAA3B1EF2A03B004E7EF9 /* Debug */ = {
			isa = XCBuildConfiguration;
			buildSettings = {
				ASSETCATALOG_COMPILER_APPICON_NAME = AppIcon;
				DEVELOPMENT_TEAM = 452XNHBVYZ;
				INFOPLIST_FILE = "01 - Constraining to Superview/Info.plist";
				LD_RUNPATH_SEARCH_PATHS = "$(inherited) @executable_path/Frameworks";
				PRODUCT_BUNDLE_IDENTIFIER = "com.buluo-gs.-1---Constraining-to-Superview";
				PRODUCT_NAME = "$(TARGET_NAME)";
			};
			name = Debug;
		};
		7AAEAA3C1EF2A03B004E7EF9 /* Release */ = {
			isa = XCBuildConfiguration;
			buildSettings = {
				ASSETCATALOG_COMPILER_APPICON_NAME = AppIcon;
				DEVELOPMENT_TEAM = 452XNHBVYZ;
				INFOPLIST_FILE = "01 - Constraining to Superview/Info.plist";
				LD_RUNPATH_SEARCH_PATHS = "$(inherited) @executable_path/Frameworks";
				PRODUCT_BUNDLE_IDENTIFIER = "com.buluo-gs.-1---Constraining-to-Superview";
				PRODUCT_NAME = "$(TARGET_NAME)";
			};
			name = Release;
		};
/* End XCBuildConfiguration section */

/* Begin XCConfigurationList section */
		7AAEAA1E1EF2A03B004E7EF9 /* Build configuration list for PBXProject "01 - Constraining to Superview" */ = {
			isa = XCConfigurationList;
			buildConfigurations = (
				7AAEAA381EF2A03B004E7EF9 /* Debug */,
				7AAEAA391EF2A03B004E7EF9 /* Release */,
			);
			defaultConfigurationIsVisible = 0;
			defaultConfigurationName = Release;
		};
		7AAEAA3A1EF2A03B004E7EF9 /* Build configuration list for PBXNativeTarget "01 - Constraining to Superview" */ = {
			isa = XCConfigurationList;
			buildConfigurations = (
				7AAEAA3B1EF2A03B004E7EF9 /* Debug */,
				7AAEAA3C1EF2A03B004E7EF9 /* Release */,
			);
			defaultConfigurationIsVisible = 0;
			defaultConfigurationName = Release;
		};
/* End XCConfigurationList section */
	};
	rootObject = 7AAEAA1B1EF2A03B004E7EF9 /* Project object */;
}
